{
    "composer/xdebug-handler": {
        "version": "1.3.3"
    },
    "escapestudios/symfony2-coding-standard": {
        "version": "3.9.2"
    },
    "jean85/pretty-package-versions": {
        "version": "1.2"
    },
    "nette/bootstrap": {
        "version": "v3.0.0"
    },
    "nette/di": {
        "version": "v3.0.1"
    },
    "nette/finder": {
        "version": "v2.5.1"
    },
    "nette/neon": {
        "version": "v3.0.0"
    },
    "nette/php-generator": {
        "version": "v3.2.3"
    },
    "nette/robot-loader": {
        "version": "v3.2.0"
    },
    "nette/schema": {
        "version": "v1.0.0"
    },
    "nette/utils": {
        "version": "v3.0.1"
    },
    "phpstan/phpdoc-parser": {
        "version": "0.3.5"
    },
    "phpstan/phpstan": {
        "version": "0.11.17"
    },
    "squizlabs/php_codesniffer": {
        "version": "3.0",
        "recipe": {
            "repo": "github.com/symfony/recipes-contrib",
            "branch": "master",
            "version": "3.0",
            "ref": "0dc9cceda799fd3a08b96987e176a261028a3709"
        },
        "files": [
            "./phpcs.xml.dist"
        ]
    }
}
